
Microsoft Visual Studio Solution File, Format Version 12.00
# Visual Studio Version 17
VisualStudioVersion = 17.8.34511.84
MinimumVisualStudioVersion = 10.0.40219.1
Project("{FAE04EC0-301F-11D3-BF4B-00C04F79EFBC}") = "SubtitleTimers", "SubtitleTimers\SubtitleTimers.csproj", "{664A0D88-2FFD-4D7C-8F8D-3E0EA504296E}"
EndProject
Global
	GlobalSection(SolutionConfigurationPlatforms) = preSolution
		Debug|Any CPU = Debug|Any CPU
		Release|Any CPU = Release|Any CPU
	EndGlobalSection
	GlobalSection(ProjectConfigurationPlatforms) = postSolution
		{664A0D88-2FFD-4D7C-8F8D-3E0EA504296E}.Debug|Any CPU.ActiveCfg = Debug|Any CPU
		{664A0D88-2FFD-4D7C-8F8D-3E0EA504296E}.Debug|Any CPU.Build.0 = Debug|Any CPU
		{664A0D88-2FFD-4D7C-8F8D-3E0EA504296E}.Release|Any CPU.ActiveCfg = Release|Any CPU
		{664A0D88-2FFD-4D7C-8F8D-3E0EA504296E}.Release|Any CPU.Build.0 = Release|Any CPU
	EndGlobalSection
	GlobalSection(SolutionProperties) = preSolution
		HideSolutionNode = FALSE
	EndGlobalSection
	GlobalSection(ExtensibilityGlobals) = postSolution
		SolutionGuid = {927ABD49-5308-4543-9AF7-4F5C417AAF66}
	EndGlobalSection
EndGlobal
